
Microsoft Visual Studio Solution File, Format Version 12.00
# Visual Studio Version 16
VisualStudioVersion = 16.0.29201.188
MinimumVisualStudioVersion = 10.0.40219.1
Project("{FAE04EC0-301F-11D3-BF4B-00C04F79EFBC}") = "20211117_form", "20211117_form\20211117_form.csproj", "{AB23D06E-A5AC-4957-A185-A225E84D491B}"
EndProject
Global
	GlobalSection(SolutionConfigurationPlatforms) = preSolution
		Debug|Any CPU = Debug|Any CPU
		Release|Any CPU = Release|Any CPU
	EndGlobalSection
	GlobalSection(ProjectConfigurationPlatforms) = postSolution
		{AB23D06E-A5AC-4957-A185-A225E84D491B}.Debug|Any CPU.ActiveCfg = Debug|Any CPU
		{AB23D06E-A5AC-4957-A185-A225E84D491B}.Debug|Any CPU.Build.0 = Debug|Any CPU
		{AB23D06E-A5AC-4957-A185-A225E84D491B}.Release|Any CPU.ActiveCfg = Release|Any CPU
		{AB23D06E-A5AC-4957-A185-A225E84D491B}.Release|Any CPU.Build.0 = Release|Any CPU
	EndGlobalSection
	GlobalSection(SolutionProperties) = preSolution
		HideSolutionNode = FALSE
	EndGlobalSection
	GlobalSection(ExtensibilityGlobals) = postSolution
		SolutionGuid = {3813B618-B1DE-42D6-8F1A-7C3292624270}
	EndGlobalSection
EndGlobal
