
Microsoft Visual Studio Solution File, Format Version 12.00
# Visual Studio Version 16
VisualStudioVersion = 16.0.29201.188
MinimumVisualStudioVersion = 10.0.40219.1
Project("{FAE04EC0-301F-11D3-BF4B-00C04F79EFBC}") = "20211208_GUI", "20211208_GUI.csproj", "{A04F8F5B-8C10-4EC9-86FF-1918C716050C}"
EndProject
Global
	GlobalSection(SolutionConfigurationPlatforms) = preSolution
		Debug|Any CPU = Debug|Any CPU
		Release|Any CPU = Release|Any CPU
	EndGlobalSection
	GlobalSection(ProjectConfigurationPlatforms) = postSolution
		{A04F8F5B-8C10-4EC9-86FF-1918C716050C}.Debug|Any CPU.ActiveCfg = Debug|Any CPU
		{A04F8F5B-8C10-4EC9-86FF-1918C716050C}.Debug|Any CPU.Build.0 = Debug|Any CPU
		{A04F8F5B-8C10-4EC9-86FF-1918C716050C}.Release|Any CPU.ActiveCfg = Release|Any CPU
		{A04F8F5B-8C10-4EC9-86FF-1918C716050C}.Release|Any CPU.Build.0 = Release|Any CPU
	EndGlobalSection
	GlobalSection(SolutionProperties) = preSolution
		HideSolutionNode = FALSE
	EndGlobalSection
	GlobalSection(ExtensibilityGlobals) = postSolution
		SolutionGuid = {657C4289-F033-4D16-A94C-F0DA13C0BB8F}
	EndGlobalSection
EndGlobal
