
Microsoft Visual Studio Solution File, Format Version 12.00
# Visual Studio Version 16
VisualStudioVersion = 16.0.31702.278
MinimumVisualStudioVersion = 10.0.40219.1
Project("{FAE04EC0-301F-11D3-BF4B-00C04F79EFBC}") = "Egyszamjatek", "Egyszamjatek\Egyszamjatek.csproj", "{BB95B542-C837-4E01-ADF7-8AACF6F8656D}"
EndProject
Global
	GlobalSection(SolutionConfigurationPlatforms) = preSolution
		Debug|Any CPU = Debug|Any CPU
		Release|Any CPU = Release|Any CPU
	EndGlobalSection
	GlobalSection(ProjectConfigurationPlatforms) = postSolution
		{BB95B542-C837-4E01-ADF7-8AACF6F8656D}.Debug|Any CPU.ActiveCfg = Debug|Any CPU
		{BB95B542-C837-4E01-ADF7-8AACF6F8656D}.Debug|Any CPU.Build.0 = Debug|Any CPU
		{BB95B542-C837-4E01-ADF7-8AACF6F8656D}.Release|Any CPU.ActiveCfg = Release|Any CPU
		{BB95B542-C837-4E01-ADF7-8AACF6F8656D}.Release|Any CPU.Build.0 = Release|Any CPU
	EndGlobalSection
	GlobalSection(SolutionProperties) = preSolution
		HideSolutionNode = FALSE
	EndGlobalSection
	GlobalSection(ExtensibilityGlobals) = postSolution
		SolutionGuid = {3667560D-6443-42B9-B23B-0DB9837C75D0}
	EndGlobalSection
EndGlobal
