
Microsoft Visual Studio Solution File, Format Version 12.00
# Visual Studio Version 16
VisualStudioVersion = 16.0.29201.188
MinimumVisualStudioVersion = 10.0.40219.1
Project("{FAE04EC0-301F-11D3-BF4B-00C04F79EFBC}") = "20210929-form", "20210929-form\20210929-form.csproj", "{CEB9030E-3058-4740-A476-278195F24952}"
EndProject
Global
	GlobalSection(SolutionConfigurationPlatforms) = preSolution
		Debug|Any CPU = Debug|Any CPU
		Release|Any CPU = Release|Any CPU
	EndGlobalSection
	GlobalSection(ProjectConfigurationPlatforms) = postSolution
		{CEB9030E-3058-4740-A476-278195F24952}.Debug|Any CPU.ActiveCfg = Debug|Any CPU
		{CEB9030E-3058-4740-A476-278195F24952}.Debug|Any CPU.Build.0 = Debug|Any CPU
		{CEB9030E-3058-4740-A476-278195F24952}.Release|Any CPU.ActiveCfg = Release|Any CPU
		{CEB9030E-3058-4740-A476-278195F24952}.Release|Any CPU.Build.0 = Release|Any CPU
	EndGlobalSection
	GlobalSection(SolutionProperties) = preSolution
		HideSolutionNode = FALSE
	EndGlobalSection
	GlobalSection(ExtensibilityGlobals) = postSolution
		SolutionGuid = {52DC3C75-FCB9-4BE9-ACFD-307E5268C9D2}
	EndGlobalSection
EndGlobal
