
Microsoft Visual Studio Solution File, Format Version 12.00
# Visual Studio Version 16
VisualStudioVersion = 16.0.29201.188
MinimumVisualStudioVersion = 10.0.40219.1
Project("{FAE04EC0-301F-11D3-BF4B-00C04F79EFBC}") = "20210927", "20210927\20210927.csproj", "{2516CC11-B6B3-43B0-A458-238FFD6DDA9B}"
EndProject
Global
	GlobalSection(SolutionConfigurationPlatforms) = preSolution
		Debug|Any CPU = Debug|Any CPU
		Release|Any CPU = Release|Any CPU
	EndGlobalSection
	GlobalSection(ProjectConfigurationPlatforms) = postSolution
		{2516CC11-B6B3-43B0-A458-238FFD6DDA9B}.Debug|Any CPU.ActiveCfg = Debug|Any CPU
		{2516CC11-B6B3-43B0-A458-238FFD6DDA9B}.Debug|Any CPU.Build.0 = Debug|Any CPU
		{2516CC11-B6B3-43B0-A458-238FFD6DDA9B}.Release|Any CPU.ActiveCfg = Release|Any CPU
		{2516CC11-B6B3-43B0-A458-238FFD6DDA9B}.Release|Any CPU.Build.0 = Release|Any CPU
	EndGlobalSection
	GlobalSection(SolutionProperties) = preSolution
		HideSolutionNode = FALSE
	EndGlobalSection
	GlobalSection(ExtensibilityGlobals) = postSolution
		SolutionGuid = {C6667958-092E-4CA4-B666-0D03BCFEF264}
	EndGlobalSection
EndGlobal
