
Microsoft Visual Studio Solution File, Format Version 12.00
# Visual Studio Version 16
VisualStudioVersion = 16.0.29201.188
MinimumVisualStudioVersion = 10.0.40219.1
Project("{FAE04EC0-301F-11D3-BF4B-00C04F79EFBC}") = "20211004", "20211004\20211004.csproj", "{90EB9AB1-4EB6-4225-95B1-B6C607A6048A}"
EndProject
Global
	GlobalSection(SolutionConfigurationPlatforms) = preSolution
		Debug|Any CPU = Debug|Any CPU
		Release|Any CPU = Release|Any CPU
	EndGlobalSection
	GlobalSection(ProjectConfigurationPlatforms) = postSolution
		{90EB9AB1-4EB6-4225-95B1-B6C607A6048A}.Debug|Any CPU.ActiveCfg = Debug|Any CPU
		{90EB9AB1-4EB6-4225-95B1-B6C607A6048A}.Debug|Any CPU.Build.0 = Debug|Any CPU
		{90EB9AB1-4EB6-4225-95B1-B6C607A6048A}.Release|Any CPU.ActiveCfg = Release|Any CPU
		{90EB9AB1-4EB6-4225-95B1-B6C607A6048A}.Release|Any CPU.Build.0 = Release|Any CPU
	EndGlobalSection
	GlobalSection(SolutionProperties) = preSolution
		HideSolutionNode = FALSE
	EndGlobalSection
	GlobalSection(ExtensibilityGlobals) = postSolution
		SolutionGuid = {88CCFC8D-830C-4E85-B66F-FDDF6CE3B0D7}
	EndGlobalSection
EndGlobal
